{
  "name": "integraflow",
  "version": "1.0.0",
  "lockfileVersion": 1,
  "requires": true,
  "dependencies": {
    "turbo": {
      "version": "1.10.15",
      "requires": {
        "turbo-darwin-64": "1.10.15",
        "turbo-darwin-arm64": "1.10.15",
        "turbo-linux-64": "1.10.15",
        "turbo-linux-arm64": "1.10.15",
        "turbo-windows-64": "1.10.15",
        "turbo-windows-arm64": "1.10.15"
      }
    },
    "turbo-darwin-64": {
      "version": "1.10.15",
      "resolved": "https://registry.npmjs.org/turbo-darwin-64/-/turbo-darwin-64-1.10.15.tgz",
      "integrity": "sha512-Sik5uogjkRTe1XVP9TC2GryEMOJCaKE2pM/O9uLn4koQDnWKGcLQv+mDU+H+9DXvKLnJnKCD18OVRkwK5tdpoA==",
      "optional": true
    },
    "turbo-darwin-arm64": {
      "version": "1.10.15",
      "resolved": "https://registry.npmjs.org/turbo-darwin-arm64/-/turbo-darwin-arm64-1.10.15.tgz",
      "integrity": "sha512-xwqyFDYUcl2xwXyGPmHkmgnNm4Cy0oNzMpMOBGRr5x64SErS7QQLR4VHb0ubiR+VAb8M+ECPklU6vD1Gm+wekg==",
      "optional": true
    },
    "turbo-linux-64": {
      "version": "1.10.15",
      "resolved": "https://registry.npmjs.org/turbo-linux-64/-/turbo-linux-64-1.10.15.tgz",
      "integrity": "sha512-dM07SiO3RMAJ09Z+uB2LNUSkPp3I1IMF8goH5eLj+d8Kkwoxd/+qbUZOj9RvInyxU/IhlnO9w3PGd3Hp14m/nA==",
      "optional": true
    },
    "turbo-linux-arm64": {
      "version": "1.10.15",
      "resolved": "https://registry.npmjs.org/turbo-linux-arm64/-/turbo-linux-arm64-1.10.15.tgz",
      "integrity": "sha512-MkzKLkKYKyrz4lwfjNXH8aTny5+Hmiu4SFBZbx+5C0vOlyp6fV5jZANDBvLXWiDDL4DSEAuCEK/2cmN6FVH1ow==",
      "optional": true
    },
    "turbo-windows-64": {
      "version": "1.10.15",
      "resolved": "https://registry.npmjs.org/turbo-windows-64/-/turbo-windows-64-1.10.15.tgz",
      "integrity": "sha512-3TdVU+WEH9ThvQGwV3ieX/XHebtYNHv9HARHauPwmVj3kakoALkpGxLclkHFBLdLKkqDvmHmXtcsfs6cXXRHJg==",
      "optional": true
    },
    "turbo-windows-arm64": {
      "version": "1.10.15",
      "resolved": "https://registry.npmjs.org/turbo-windows-arm64/-/turbo-windows-arm64-1.10.15.tgz",
      "integrity": "sha512-l+7UOBCbfadvPMYsX08hyLD+UIoAkg6ojfH+E8aud3gcA1padpjCJTh9gMpm3QdMbKwZteT5uUM+wyi6Rbbyww==",
      "optional": true
    },
    "yarn": {
      "version": "1.22.19",
      "resolved": "https://registry.npmjs.org/yarn/-/yarn-1.22.19.tgz",
      "integrity": "sha512-/0V5q0WbslqnwP91tirOvldvYISzaqhClxzyUKXYxs07yUILIs5jx/k6CFe8bvKSkds5w+eiOqta39Wk3WxdcQ=="
    }
  }
}
