# THIS IS AN AUTOGENERATED FILE. DO NOT EDIT THIS FILE DIRECTLY.
# yarn lockfile v1


turbo-darwin-64@1.10.15:
  version "1.10.15"
  resolved "https://registry.yarnpkg.com/turbo-darwin-64/-/turbo-darwin-64-1.10.15.tgz#8f1d80ca91e46909a2c80e416e475bc44c91ef9f"
  integrity sha512-Sik5uogjkRTe1XVP9TC2GryEMOJCaKE2pM/O9uLn4koQDnWKGcLQv+mDU+H+9DXvKLnJnKCD18OVRkwK5tdpoA==

turbo-darwin-arm64@1.10.15:
  version "1.10.15"
  resolved "https://registry.yarnpkg.com/turbo-darwin-arm64/-/turbo-darwin-arm64-1.10.15.tgz#4b6b29c9d10c8e286b27d372936c09a98f34449a"
  integrity sha512-xwqyFDYUcl2xwXyGPmHkmgnNm4Cy0oNzMpMOBGRr5x64SErS7QQLR4VHb0ubiR+VAb8M+ECPklU6vD1Gm+wekg==

turbo-linux-64@1.10.15:
  version "1.10.15"
  resolved "https://registry.yarnpkg.com/turbo-linux-64/-/turbo-linux-64-1.10.15.tgz#a892aae53946c68f311b2e71504af5b9768dd2c1"
  integrity sha512-dM07SiO3RMAJ09Z+uB2LNUSkPp3I1IMF8goH5eLj+d8Kkwoxd/+qbUZOj9RvInyxU/IhlnO9w3PGd3Hp14m/nA==

turbo-linux-arm64@1.10.15:
  version "1.10.15"
  resolved "https://registry.yarnpkg.com/turbo-linux-arm64/-/turbo-linux-arm64-1.10.15.tgz#9d241414e75c7457ea8371c36c4b9700ec7ca553"
  integrity sha512-MkzKLkKYKyrz4lwfjNXH8aTny5+Hmiu4SFBZbx+5C0vOlyp6fV5jZANDBvLXWiDDL4DSEAuCEK/2cmN6FVH1ow==

turbo-windows-64@1.10.15:
  version "1.10.15"
  resolved "https://registry.yarnpkg.com/turbo-windows-64/-/turbo-windows-64-1.10.15.tgz#7d19853634482f01b7c4ae8d5e255321a2f7582c"
  integrity sha512-3TdVU+WEH9ThvQGwV3ieX/XHebtYNHv9HARHauPwmVj3kakoALkpGxLclkHFBLdLKkqDvmHmXtcsfs6cXXRHJg==

turbo-windows-arm64@1.10.15:
  version "1.10.15"
  resolved "https://registry.yarnpkg.com/turbo-windows-arm64/-/turbo-windows-arm64-1.10.15.tgz#c7b0cf8732b02914b415577593afeda4155219fb"
  integrity sha512-l+7UOBCbfadvPMYsX08hyLD+UIoAkg6ojfH+E8aud3gcA1padpjCJTh9gMpm3QdMbKwZteT5uUM+wyi6Rbbyww==

turbo@^1.10.15:
  version "1.10.15"
  resolved "https://registry.yarnpkg.com/turbo/-/turbo-1.10.15.tgz#356731acb46991b4e337cce2f7ccd3279bc1f1a6"
  integrity sha512-mKKkqsuDAQy1wCCIjCdG+jOCwUflhckDMSRoeBPcIL/CnCl7c5yRDFe7SyaXloUUkt4tUR0rvNIhVCcT7YeQpg==
  optionalDependencies:
    turbo-darwin-64 "1.10.15"
    turbo-darwin-arm64 "1.10.15"
    turbo-linux-64 "1.10.15"
    turbo-linux-arm64 "1.10.15"
    turbo-windows-64 "1.10.15"
    turbo-windows-arm64 "1.10.15"
